// !$*UTF8*$!
{
	archiveVersion = 1;
	classes = {
	};
	objectVersion = 50;
	objects = {

/* Begin PBXBuildFile section */
		4AA9B8BF2487DD3400A0E22B /* AppDelegate.swift in Sources */ = {isa = PBXBuildFile; fileRef = 4AA9B8BE2487DD3400A0E22B /* AppDelegate.swift */; };
		4AA9B8C12487DD3400A0E22B /* SceneDelegate.swift in Sources */ = {isa = PBXBuildFile; fileRef = 4AA9B8C02487DD3400A0E22B /* SceneDelegate.swift */; };
		4AA9B8C32487DD3400A0E22B /* ContentView.swift in Sources */ = {isa = PBXBuildFile; fileRef = 4AA9B8C22487DD3400A0E22B /* ContentView.swift */; };
		4AA9B8C52487DD3900A0E22B /* Assets.xcassets in Resources */ = {isa = PBXBuildFile; fileRef = 4AA9B8C42487DD3900A0E22B /* Assets.xcassets */; };
		4AA9B8C82487DD3900A0E22B /* Preview Assets.xcassets in Resources */ = {isa = PBXBuildFile; fileRef = 4AA9B8C72487DD3900A0E22B /* Preview Assets.xcassets */; };
		4AA9B8CB2487DD3900A0E22B /* LaunchScreen.storyboard in Resources */ = {isa = PBXBuildFile; fileRef = 4AA9B8C92487DD3900A0E22B /* LaunchScreen.storyboard */; };
		4AA9B8D62487DD3900A0E22B /* SunflowerTests.swift in Sources */ = {isa = PBXBuildFile; fileRef = 4AA9B8D52487DD3900A0E22B /* SunflowerTests.swift */; };
		4AA9B8E12487DD3900A0E22B /* SunflowerUITests.swift in Sources */ = {isa = PBXBuildFile; fileRef = 4AA9B8E02487DD3900A0E22B /* SunflowerUITests.swift */; };
/* End PBXBuildFile section */

/* Begin PBXContainerItemProxy section */
		4AA9B8D22487DD3900A0E22B /* PBXContainerItemProxy */ = {
			isa = PBXContainerItemProxy;
			containerPortal = 4AA9B8B32487DD3400A0E22B /* Project object */;
			proxyType = 1;
			remoteGlobalIDString = 4AA9B8BA2487DD3400A0E22B;
			remoteInfo = Sunflower;
		};
		4AA9B8DD2487DD3900A0E22B /* PBXContainerItemProxy */ = {
			isa = PBXContainerItemProxy;
			containerPortal = 4AA9B8B32487DD3400A0E22B /* Project object */;
			proxyType = 1;
			remoteGlobalIDString = 4AA9B8BA2487DD3400A0E22B;
			remoteInfo = Sunflower;
		};
/* End PBXContainerItemProxy section */

/* Begin PBXFileReference section */
		4AA9B8BB2487DD3400A0E22B /* Sunflower.app */ = {isa = PBXFileReference; explicitFileType = wrapper.application; includeInIndex = 0; path = Sunflower.app; sourceTree = BUILT_PRODUCTS_DIR; };
		4AA9B8BE2487DD3400A0E22B /* AppDelegate.swift */ = {isa = PBXFileReference; lastKnownFileType = sourcecode.swift; path = AppDelegate.swift; sourceTree = "<group>"; };
		4AA9B8C02487DD3400A0E22B /* SceneDelegate.swift */ = {isa = PBXFileReference; lastKnownFileType = sourcecode.swift; path = SceneDelegate.swift; sourceTree = "<group>"; };
		4AA9B8C22487DD3400A0E22B /* ContentView.swift */ = {isa = PBXFileReference; lastKnownFileType = sourcecode.swift; path = ContentView.swift; sourceTree = "<group>"; };
		4AA9B8C42487DD3900A0E22B /* Assets.xcassets */ = {isa = PBXFileReference; lastKnownFileType = folder.assetcatalog; path = Assets.xcassets; sourceTree = "<group>"; };
		4AA9B8C72487DD3900A0E22B /* Preview Assets.xcassets */ = {isa = PBXFileReference; lastKnownFileType = folder.assetcatalog; path = "Preview Assets.xcassets"; sourceTree = "<group>"; };
		4AA9B8CA2487DD3900A0E22B /* Base */ = {isa = PBXFileReference; lastKnownFileType = file.storyboard; name = Base; path = Base.lproj/LaunchScreen.storyboard; sourceTree = "<group>"; };
		4AA9B8CC2487DD3900A0E22B /* Info.plist */ = {isa = PBXFileReference; lastKnownFileType = text.plist.xml; path = Info.plist; sourceTree = "<group>"; };
		4AA9B8D12487DD3900A0E22B /* SunflowerTests.xctest */ = {isa = PBXFileReference; explicitFileType = wrapper.cfbundle; includeInIndex = 0; path = SunflowerTests.xctest; sourceTree = BUILT_PRODUCTS_DIR; };
		4AA9B8D52487DD3900A0E22B /* SunflowerTests.swift */ = {isa = PBXFileReference; lastKnownFileType = sourcecode.swift; path = SunflowerTests.swift; sourceTree = "<group>"; };
		4AA9B8D72487DD3900A0E22B /* Info.plist */ = {isa = PBXFileReference; lastKnownFileType = text.plist.xml; path = Info.plist; sourceTree = "<group>"; };
		4AA9B8DC2487DD3900A0E22B /* SunflowerUITests.xctest */ = {isa = PBXFileReference; explicitFileType = wrapper.cfbundle; includeInIndex = 0; path = SunflowerUITests.xctest; sourceTree = BUILT_PRODUCTS_DIR; };
		4AA9B8E02487DD3900A0E22B /* SunflowerUITests.swift */ = {isa = PBXFileReference; lastKnownFileType = sourcecode.swift; path = SunflowerUITests.swift; sourceTree = "<group>"; };
		4AA9B8E22487DD3900A0E22B /* Info.plist */ = {isa = PBXFileReference; lastKnownFileType = text.plist.xml; path = Info.plist; sourceTree = "<group>"; };
/* End PBXFileReference section */

/* Begin PBXFrameworksBuildPhase section */
		4AA9B8B82487DD3400A0E22B /* Frameworks */ = {
			isa = PBXFrameworksBuildPhase;
			buildActionMask = 2147483647;
			files = (
			);
			runOnlyForDeploymentPostprocessing = 0;
		};
		4AA9B8CE2487DD3900A0E22B /* Frameworks */ = {
			isa = PBXFrameworksBuildPhase;
			buildActionMask = 2147483647;
			files = (
			);
			runOnlyForDeploymentPostprocessing = 0;
		};
		4AA9B8D92487DD3900A0E22B /* Frameworks */ = {
			isa = PBXFrameworksBuildPhase;
			buildActionMask = 2147483647;
			files = (
			);
			runOnlyForDeploymentPostprocessing = 0;
		};
/* End PBXFrameworksBuildPhase section */

/* Begin PBXGroup section */
		4AA9B8B22487DD3400A0E22B = {
			isa = PBXGroup;
			children = (
				4AA9B8BD2487DD3400A0E22B /* Sunflower */,
				4AA9B8D42487DD3900A0E22B /* SunflowerTests */,
				4AA9B8DF2487DD3900A0E22B /* SunflowerUITests */,
				4AA9B8BC2487DD3400A0E22B /* Products */,
			);
			sourceTree = "<group>";
		};
		4AA9B8BC2487DD3400A0E22B /* Products */ = {
			isa = PBXGroup;
			children = (
				4AA9B8BB2487DD3400A0E22B /* Sunflower.app */,
				4AA9B8D12487DD3900A0E22B /* SunflowerTests.xctest */,
				4AA9B8DC2487DD3900A0E22B /* SunflowerUITests.xctest */,
			);
			name = Products;
			sourceTree = "<group>";
		};
		4AA9B8BD2487DD3400A0E22B /* Sunflower */ = {
			isa = PBXGroup;
			children = (
				4AA9B8BE2487DD3400A0E22B /* AppDelegate.swift */,
				4AA9B8C02487DD3400A0E22B /* SceneDelegate.swift */,
				4AA9B8C22487DD3400A0E22B /* ContentView.swift */,
				4AA9B8C42487DD3900A0E22B /* Assets.xcassets */,
				4AA9B8C92487DD3900A0E22B /* LaunchScreen.storyboard */,
				4AA9B8CC2487DD3900A0E22B /* Info.plist */,
				4AA9B8C62487DD3900A0E22B /* Preview Content */,
			);
			path = Sunflower;
			sourceTree = "<group>";
		};
		4AA9B8C62487DD3900A0E22B /* Preview Content */ = {
			isa = PBXGroup;
			children = (
				4AA9B8C72487DD3900A0E22B /* Preview Assets.xcassets */,
			);
			path = "Preview Content";
			sourceTree = "<group>";
		};
		4AA9B8D42487DD3900A0E22B /* SunflowerTests */ = {
			isa = PBXGroup;
			children = (
				4AA9B8D52487DD3900A0E22B /* SunflowerTests.swift */,
				4AA9B8D72487DD3900A0E22B /* Info.plist */,
			);
			path = SunflowerTests;
			sourceTree = "<group>";
		};
		4AA9B8DF2487DD3900A0E22B /* SunflowerUITests */ = {
			isa = PBXGroup;
			children = (
				4AA9B8E02487DD3900A0E22B /* SunflowerUITests.swift */,
				4AA9B8E22487DD3900A0E22B /* Info.plist */,
			);
			path = SunflowerUITests;
			sourceTree = "<group>";
		};
/* End PBXGroup section */

/* Begin PBXNativeTarget section */
		4AA9B8BA2487DD3400A0E22B /* Sunflower */ = {
			isa = PBXNativeTarget;
			buildConfigurationList = 4AA9B8E52487DD3900A0E22B /* Build configuration list for PBXNativeTarget "Sunflower" */;
			buildPhases = (
				4AA9B8B72487DD3400A0E22B /* Sources */,
				4AA9B8B82487DD3400A0E22B /* Frameworks */,
				4AA9B8B92487DD3400A0E22B /* Resources */,
			);
			buildRules = (
			);
			dependencies = (
			);
			name = Sunflower;
			productName = Sunflower;
			productReference = 4AA9B8BB2487DD3400A0E22B /* Sunflower.app */;
			productType = "com.apple.product-type.application";
		};
		4AA9B8D02487DD3900A0E22B /* SunflowerTests */ = {
			isa = PBXNativeTarget;
			buildConfigurationList = 4AA9B8E82487DD3900A0E22B /* Build configuration list for PBXNativeTarget "SunflowerTests" */;
			buildPhases = (
				4AA9B8CD2487DD3900A0E22B /* Sources */,
				4AA9B8CE2487DD3900A0E22B /* Frameworks */,
				4AA9B8CF2487DD3900A0E22B /* Resources */,
			);
			buildRules = (
			);
			dependencies = (
				4AA9B8D32487DD3900A0E22B /* PBXTargetDependency */,
			);
			name = SunflowerTests;
			productName = SunflowerTests;
			productReference = 4AA9B8D12487DD3900A0E22B /* SunflowerTests.xctest */;
			productType = "com.apple.product-type.bundle.unit-test";
		};
		4AA9B8DB2487DD3900A0E22B /* SunflowerUITests */ = {
			isa = PBXNativeTarget;
			buildConfigurationList = 4AA9B8EB2487DD3900A0E22B /* Build configuration list for PBXNativeTarget "SunflowerUITests" */;
			buildPhases = (
				4AA9B8D82487DD3900A0E22B /* Sources */,
				4AA9B8D92487DD3900A0E22B /* Frameworks */,
				4AA9B8DA2487DD3900A0E22B /* Resources */,
			);
			buildRules = (
			);
			dependencies = (
				4AA9B8DE2487DD3900A0E22B /* PBXTargetDependency */,
			);
			name = SunflowerUITests;
			productName = SunflowerUITests;
			productReference = 4AA9B8DC2487DD3900A0E22B /* SunflowerUITests.xctest */;
			productType = "com.apple.product-type.bundle.ui-testing";
		};
/* End PBXNativeTarget section */

/* Begin PBXProject section */
		4AA9B8B32487DD3400A0E22B /* Project object */ = {
			isa = PBXProject;
			attributes = {
				LastSwiftUpdateCheck = 1150;
				LastUpgradeCheck = 1150;
				ORGANIZATIONNAME = "JohnRoque Inc";
				TargetAttributes = {
					4AA9B8BA2487DD3400A0E22B = {
						CreatedOnToolsVersion = 11.5;
					};
					4AA9B8D02487DD3900A0E22B = {
						CreatedOnToolsVersion = 11.5;
						TestTargetID = 4AA9B8BA2487DD3400A0E22B;
					};
					4AA9B8DB2487DD3900A0E22B = {
						CreatedOnToolsVersion = 11.5;
						TestTargetID = 4AA9B8BA2487DD3400A0E22B;
					};
				};
			};
			buildConfigurationList = 4AA9B8B62487DD3400A0E22B /* Build configuration list for PBXProject "Sunflower" */;
			compatibilityVersion = "Xcode 9.3";
			developmentRegion = en;
			hasScannedForEncodings = 0;
			knownRegions = (
				en,
				Base,
			);
			mainGroup = 4AA9B8B22487DD3400A0E22B;
			productRefGroup = 4AA9B8BC2487DD3400A0E22B /* Products */;
			projectDirPath = "";
			projectRoot = "";
			targets = (
				4AA9B8BA2487DD3400A0E22B /* Sunflower */,
				4AA9B8D02487DD3900A0E22B /* SunflowerTests */,
				4AA9B8DB2487DD3900A0E22B /* SunflowerUITests */,
			);
		};
/* End PBXProject section */

/* Begin PBXResourcesBuildPhase section */
		4AA9B8B92487DD3400A0E22B /* Resources */ = {
			isa = PBXResourcesBuildPhase;
			buildActionMask = 2147483647;
			files = (
				4AA9B8CB2487DD3900A0E22B /* LaunchScreen.storyboard in Resources */,
				4AA9B8C82487DD3900A0E22B /* Preview Assets.xcassets in Resources */,
				4AA9B8C52487DD3900A0E22B /* Assets.xcassets in Resources */,
			);
			runOnlyForDeploymentPostprocessing = 0;
		};
		4AA9B8CF2487DD3900A0E22B /* Resources */ = {
			isa = PBXResourcesBuildPhase;
			buildActionMask = 2147483647;
			files = (
			);
			runOnlyForDeploymentPostprocessing = 0;
		};
		4AA9B8DA2487DD3900A0E22B /* Resources */ = {
			isa = PBXResourcesBuildPhase;
			buildActionMask = 2147483647;
			files = (
			);
			runOnlyForDeploymentPostprocessing = 0;
		};
/* End PBXResourcesBuildPhase section */

/* Begin PBXSourcesBuildPhase section */
		4AA9B8B72487DD3400A0E22B /* Sources */ = {
			isa = PBXSourcesBuildPhase;
			buildActionMask = 2147483647;
			files = (
				4AA9B8BF2487DD3400A0E22B /* AppDelegate.swift in Sources */,
				4AA9B8C12487DD3400A0E22B /* SceneDelegate.swift in Sources */,
				4AA9B8C32487DD3400A0E22B /* ContentView.swift in Sources */,
			);
			runOnlyForDeploymentPostprocessing = 0;
		};
		4AA9B8CD2487DD3900A0E22B /* Sources */ = {
			isa = PBXSourcesBuildPhase;
			buildActionMask = 2147483647;
			files = (
				4AA9B8D62487DD3900A0E22B /* SunflowerTests.swift in Sources */,
			);
			runOnlyForDeploymentPostprocessing = 0;
		};
		4AA9B8D82487DD3900A0E22B /* Sources */ = {
			isa = PBXSourcesBuildPhase;
			buildActionMask = 2147483647;
			files = (
				4AA9B8E12487DD3900A0E22B /* SunflowerUITests.swift in Sources */,
			);
			runOnlyForDeploymentPostprocessing = 0;
		};
/* End PBXSourcesBuildPhase section */

/* Begin PBXTargetDependency section */
		4AA9B8D32487DD3900A0E22B /* PBXTargetDependency */ = {
			isa = PBXTargetDependency;
			target = 4AA9B8BA2487DD3400A0E22B /* Sunflower */;
			targetProxy = 4AA9B8D22487DD3900A0E22B /* PBXContainerItemProxy */;
		};
		4AA9B8DE2487DD3900A0E22B /* PBXTargetDependency */ = {
			isa = PBXTargetDependency;
			target = 4AA9B8BA2487DD3400A0E22B /* Sunflower */;
			targetProxy = 4AA9B8DD2487DD3900A0E22B /* PBXContainerItemProxy */;
		};
/* End PBXTargetDependency section */

/* Begin PBXVariantGroup section */
		4AA9B8C92487DD3900A0E22B /* LaunchScreen.storyboard */ = {
			isa = PBXVariantGroup;
			children = (
				4AA9B8CA2487DD3900A0E22B /* Base */,
			);
			name = LaunchScreen.storyboard;
			sourceTree = "<group>";
		};
/* End PBXVariantGroup section */

/* Begin XCBuildConfiguration section */
		4AA9B8E32487DD3900A0E22B /* Debug */ = {
			isa = XCBuildConfiguration;
			buildSettings = {
				ALWAYS_SEARCH_USER_PATHS = NO;
				CLANG_ANALYZER_NONNULL = YES;
				CLANG_ANALYZER_NUMBER_OBJECT_CONVERSION = YES_AGGRESSIVE;
				CLANG_CXX_LANGUAGE_STANDARD = "gnu++14";
				CLANG_CXX_LIBRARY = "libc++";
				CLANG_ENABLE_MODULES = YES;
				CLANG_ENABLE_OBJC_ARC = YES;
				CLANG_ENABLE_OBJC_WEAK = YES;
				CLANG_WARN_BLOCK_CAPTURE_AUTORELEASING = YES;
				CLANG_WARN_BOOL_CONVERSION = YES;
				CLANG_WARN_COMMA = YES;
				CLANG_WARN_CONSTANT_CONVERSION = YES;
				CLANG_WARN_DEPRECATED_OBJC_IMPLEMENTATIONS = YES;
				CLANG_WARN_DIRECT_OBJC_ISA_USAGE = YES_ERROR;
				CLANG_WARN_DOCUMENTATION_COMMENTS = YES;
				CLANG_WARN_EMPTY_BODY = YES;
				CLANG_WARN_ENUM_CONVERSION = YES;
				CLANG_WARN_INFINITE_RECURSION = YES;
				CLANG_WARN_INT_CONVERSION = YES;
				CLANG_WARN_NON_LITERAL_NULL_CONVERSION = YES;
				CLANG_WARN_OBJC_IMPLICIT_RETAIN_SELF = YES;
				CLANG_WARN_OBJC_LITERAL_CONVERSION = YES;
				CLANG_WARN_OBJC_ROOT_CLASS = YES_ERROR;
				CLANG_WARN_RANGE_LOOP_ANALYSIS = YES;
				CLANG_WARN_STRICT_PROTOTYPES = YES;
				CLANG_WARN_SUSPICIOUS_MOVE = YES;
				CLANG_WARN_UNGUARDED_AVAILABILITY = YES_AGGRESSIVE;
				CLANG_WARN_UNREACHABLE_CODE = YES;
				CLANG_WARN__DUPLICATE_METHOD_MATCH = YES;
				COPY_PHASE_STRIP = NO;
				DEBUG_INFORMATION_FORMAT = dwarf;
				ENABLE_STRICT_OBJC_MSGSEND = YES;
				ENABLE_TESTABILITY = YES;
				GCC_C_LANGUAGE_STANDARD = gnu11;
				GCC_DYNAMIC_NO_PIC = NO;
				GCC_NO_COMMON_BLOCKS = YES;
				GCC_OPTIMIZATION_LEVEL = 0;
				GCC_PREPROCESSOR_DEFINITIONS = (
					"DEBUG=1",
					"$(inherited)",
				);
				GCC_WARN_64_TO_32_BIT_CONVERSION = YES;
				GCC_WARN_ABOUT_RETURN_TYPE = YES_ERROR;
				GCC_WARN_UNDECLARED_SELECTOR = YES;
				GCC_WARN_UNINITIALIZED_AUTOS = YES_AGGRESSIVE;
				GCC_WARN_UNUSED_FUNCTION = YES;
				GCC_WARN_UNUSED_VARIABLE = YES;
				IPHONEOS_DEPLOYMENT_TARGET = 13.5;
				MTL_ENABLE_DEBUG_INFO = INCLUDE_SOURCE;
				MTL_FAST_MATH = YES;
				ONLY_ACTIVE_ARCH = YES;
				SDKROOT = iphoneos;
				SWIFT_ACTIVE_COMPILATION_CONDITIONS = DEBUG;
				SWIFT_OPTIMIZATION_LEVEL = "-Onone";
			};
			name = Debug;
		};
		4AA9B8E42487DD3900A0E22B /* Release */ = {
			isa = XCBuildConfiguration;
			buildSettings = {
				ALWAYS_SEARCH_USER_PATHS = NO;
				CLANG_ANALYZER_NONNULL = YES;
				CLANG_ANALYZER_NUMBER_OBJECT_CONVERSION = YES_AGGRESSIVE;
				CLANG_CXX_LANGUAGE_STANDARD = "gnu++14";
				CLANG_CXX_LIBRARY = "libc++";
				CLANG_ENABLE_MODULES = YES;
				CLANG_ENABLE_OBJC_ARC = YES;
				CLANG_ENABLE_OBJC_WEAK = YES;
				CLANG_WARN_BLOCK_CAPTURE_AUTORELEASING = YES;
				CLANG_WARN_BOOL_CONVERSION = YES;
				CLANG_WARN_COMMA = YES;
				CLANG_WARN_CONSTANT_CONVERSION = YES;
				CLANG_WARN_DEPRECATED_OBJC_IMPLEMENTATIONS = YES;
				CLANG_WARN_DIRECT_OBJC_ISA_USAGE = YES_ERROR;
				CLANG_WARN_DOCUMENTATION_COMMENTS = YES;
				CLANG_WARN_EMPTY_BODY = YES;
				CLANG_WARN_ENUM_CONVERSION = YES;
				CLANG_WARN_INFINITE_RECURSION = YES;
				CLANG_WARN_INT_CONVERSION = YES;
				CLANG_WARN_NON_LITERAL_NULL_CONVERSION = YES;
				CLANG_WARN_OBJC_IMPLICIT_RETAIN_SELF = YES;
				CLANG_WARN_OBJC_LITERAL_CONVERSION = YES;
				CLANG_WARN_OBJC_ROOT_CLASS = YES_ERROR;
				CLANG_WARN_RANGE_LOOP_ANALYSIS = YES;
				CLANG_WARN_STRICT_PROTOTYPES = YES;
				CLANG_WARN_SUSPICIOUS_MOVE = YES;
				CLANG_WARN_UNGUARDED_AVAILABILITY = YES_AGGRESSIVE;
				CLANG_WARN_UNREACHABLE_CODE = YES;
				CLANG_WARN__DUPLICATE_METHOD_MATCH = YES;
				COPY_PHASE_STRIP = NO;
				DEBUG_INFORMATION_FORMAT = "dwarf-with-dsym";
				ENABLE_NS_ASSERTIONS = NO;
				ENABLE_STRICT_OBJC_MSGSEND = YES;
				GCC_C_LANGUAGE_STANDARD = gnu11;
				GCC_NO_COMMON_BLOCKS = YES;
				GCC_WARN_64_TO_32_BIT_CONVERSION = YES;
				GCC_WARN_ABOUT_RETURN_TYPE = YES_ERROR;
				GCC_WARN_UNDECLARED_SELECTOR = YES;
				GCC_WARN_UNINITIALIZED_AUTOS = YES_AGGRESSIVE;
				GCC_WARN_UNUSED_FUNCTION = YES;
				GCC_WARN_UNUSED_VARIABLE = YES;
				IPHONEOS_DEPLOYMENT_TARGET = 13.5;
				MTL_ENABLE_DEBUG_INFO = NO;
				MTL_FAST_MATH = YES;
				SDKROOT = iphoneos;
				SWIFT_COMPILATION_MODE = wholemodule;
				SWIFT_OPTIMIZATION_LEVEL = "-O";
				VALIDATE_PRODUCT = YES;
			};
			name = Release;
		};
		4AA9B8E62487DD3900A0E22B /* Debug */ = {
			isa = XCBuildConfiguration;
			buildSettings = {
				ASSETCATALOG_COMPILER_APPICON_NAME = AppIcon;
				CODE_SIGN_STYLE = Automatic;
				DEVELOPMENT_ASSET_PATHS = "\"Sunflower/Preview Content\"";
				DEVELOPMENT_TEAM = DNZ5Z4EKKR;
				ENABLE_PREVIEWS = YES;
				INFOPLIST_FILE = Sunflower/Info.plist;
				LD_RUNPATH_SEARCH_PATHS = (
					"$(inherited)",
					"@executable_path/Frameworks",
				);
				PRODUCT_BUNDLE_IDENTIFIER = com.johnroque.Sunflower;
				PRODUCT_NAME = "$(TARGET_NAME)";
				SWIFT_VERSION = 5.0;
				TARGETED_DEVICE_FAMILY = "1,2";
			};
			name = Debug;
		};
		4AA9B8E72487DD3900A0E22B /* Release */ = {
			isa = XCBuildConfiguration;
			buildSettings = {
				ASSETCATALOG_COMPILER_APPICON_NAME = AppIcon;
				CODE_SIGN_STYLE = Automatic;
				DEVELOPMENT_ASSET_PATHS = "\"Sunflower/Preview Content\"";
				DEVELOPMENT_TEAM = DNZ5Z4EKKR;
				ENABLE_PREVIEWS = YES;
				INFOPLIST_FILE = Sunflower/Info.plist;
				LD_RUNPATH_SEARCH_PATHS = (
					"$(inherited)",
					"@executable_path/Frameworks",
				);
				PRODUCT_BUNDLE_IDENTIFIER = com.johnroque.Sunflower;
				PRODUCT_NAME = "$(TARGET_NAME)";
				SWIFT_VERSION = 5.0;
				TARGETED_DEVICE_FAMILY = "1,2";
			};
			name = Release;
		};
		4AA9B8E92487DD3900A0E22B /* Debug */ = {
			isa = XCBuildConfiguration;
			buildSettings = {
				ALWAYS_EMBED_SWIFT_STANDARD_LIBRARIES = YES;
				BUNDLE_LOADER = "$(TEST_HOST)";
				CODE_SIGN_STYLE = Automatic;
				DEVELOPMENT_TEAM = DNZ5Z4EKKR;
				INFOPLIST_FILE = SunflowerTests/Info.plist;
				IPHONEOS_DEPLOYMENT_TARGET = 13.5;
				LD_RUNPATH_SEARCH_PATHS = (
					"$(inherited)",
					"@executable_path/Frameworks",
					"@loader_path/Frameworks",
				);
				PRODUCT_BUNDLE_IDENTIFIER = com.johnroque.SunflowerTests;
				PRODUCT_NAME = "$(TARGET_NAME)";
				SWIFT_VERSION = 5.0;
				TARGETED_DEVICE_FAMILY = "1,2";
				TEST_HOST = "$(BUILT_PRODUCTS_DIR)/Sunflower.app/Sunflower";
			};
			name = Debug;
		};
		4AA9B8EA2487DD3900A0E22B /* Release */ = {
			isa = XCBuildConfiguration;
			buildSettings = {
				ALWAYS_EMBED_SWIFT_STANDARD_LIBRARIES = YES;
				BUNDLE_LOADER = "$(TEST_HOST)";
				CODE_SIGN_STYLE = Automatic;
				DEVELOPMENT_TEAM = DNZ5Z4EKKR;
				INFOPLIST_FILE = SunflowerTests/Info.plist;
				IPHONEOS_DEPLOYMENT_TARGET = 13.5;
				LD_RUNPATH_SEARCH_PATHS = (
					"$(inherited)",
					"@executable_path/Frameworks",
					"@loader_path/Frameworks",
				);
				PRODUCT_BUNDLE_IDENTIFIER = com.johnroque.SunflowerTests;
				PRODUCT_NAME = "$(TARGET_NAME)";
				SWIFT_VERSION = 5.0;
				TARGETED_DEVICE_FAMILY = "1,2";
				TEST_HOST = "$(BUILT_PRODUCTS_DIR)/Sunflower.app/Sunflower";
			};
			name = Release;
		};
		4AA9B8EC2487DD3900A0E22B /* Debug */ = {
			isa = XCBuildConfiguration;
			buildSettings = {
				ALWAYS_EMBED_SWIFT_STANDARD_LIBRARIES = YES;
				CODE_SIGN_STYLE = Automatic;
				DEVELOPMENT_TEAM = DNZ5Z4EKKR;
				INFOPLIST_FILE = SunflowerUITests/Info.plist;
				LD_RUNPATH_SEARCH_PATHS = (
					"$(inherited)",
					"@executable_path/Frameworks",
					"@loader_path/Frameworks",
				);
				PRODUCT_BUNDLE_IDENTIFIER = com.johnroque.SunflowerUITests;
				PRODUCT_NAME = "$(TARGET_NAME)";
				SWIFT_VERSION = 5.0;
				TARGETED_DEVICE_FAMILY = "1,2";
				TEST_TARGET_NAME = Sunflower;
			};
			name = Debug;
		};
		4AA9B8ED2487DD3900A0E22B /* Release */ = {
			isa = XCBuildConfiguration;
			buildSettings = {
				ALWAYS_EMBED_SWIFT_STANDARD_LIBRARIES = YES;
				CODE_SIGN_STYLE = Automatic;
				DEVELOPMENT_TEAM = DNZ5Z4EKKR;
				INFOPLIST_FILE = SunflowerUITests/Info.plist;
				LD_RUNPATH_SEARCH_PATHS = (
					"$(inherited)",
					"@executable_path/Frameworks",
					"@loader_path/Frameworks",
				);
				PRODUCT_BUNDLE_IDENTIFIER = com.johnroque.SunflowerUITests;
				PRODUCT_NAME = "$(TARGET_NAME)";
				SWIFT_VERSION = 5.0;
				TARGETED_DEVICE_FAMILY = "1,2";
				TEST_TARGET_NAME = Sunflower;
			};
			name = Release;
		};
/* End XCBuildConfiguration section */

/* Begin XCConfigurationList section */
		4AA9B8B62487DD3400A0E22B /* Build configuration list for PBXProject "Sunflower" */ = {
			isa = XCConfigurationList;
			buildConfigurations = (
				4AA9B8E32487DD3900A0E22B /* Debug */,
				4AA9B8E42487DD3900A0E22B /* Release */,
			);
			defaultConfigurationIsVisible = 0;
			defaultConfigurationName = Release;
		};
		4AA9B8E52487DD3900A0E22B /* Build configuration list for PBXNativeTarget "Sunflower" */ = {
			isa = XCConfigurationList;
			buildConfigurations = (
				4AA9B8E62487DD3900A0E22B /* Debug */,
				4AA9B8E72487DD3900A0E22B /* Release */,
			);
			defaultConfigurationIsVisible = 0;
			defaultConfigurationName = Release;
		};
		4AA9B8E82487DD3900A0E22B /* Build configuration list for PBXNativeTarget "SunflowerTests" */ = {
			isa = XCConfigurationList;
			buildConfigurations = (
				4AA9B8E92487DD3900A0E22B /* Debug */,
				4AA9B8EA2487DD3900A0E22B /* Release */,
			);
			defaultConfigurationIsVisible = 0;
			defaultConfigurationName = Release;
		};
		4AA9B8EB2487DD3900A0E22B /* Build configuration list for PBXNativeTarget "SunflowerUITests" */ = {
			isa = XCConfigurationList;
			buildConfigurations = (
				4AA9B8EC2487DD3900A0E22B /* Debug */,
				4AA9B8ED2487DD3900A0E22B /* Release */,
			);
			defaultConfigurationIsVisible = 0;
			defaultConfigurationName = Release;
		};
/* End XCConfigurationList section */
	};
	rootObject = 4AA9B8B32487DD3400A0E22B /* Project object */;
}
